
Microsoft Visual Studio Solution File, Format Version 12.00
# Visual Studio Version 17
VisualStudioVersion = 17.0.31903.59
MinimumVisualStudioVersion = 10.0.40219.1
Project("{FAE04EC0-301F-11D3-BF4B-00C04F79EFBC}") = "FlexSpace.DAL", "FlexSpace.DAL\FlexSpace.DAL.csproj", "{7C8076B8-45BF-4E50-ABE4-2261A317BD96}"
EndProject
Project("{FAE04EC0-301F-11D3-BF4B-00C04F79EFBC}") = "FlexSpace.BLL", "FlexSpace.BLL\FlexSpace.BLL.csproj", "{C7BA012A-8B39-495B-9607-606A386B15A6}"
EndProject
Project("{FAE04EC0-301F-11D3-BF4B-00C04F79EFBC}") = "FlexSpace.UI", "FlexSpace.UI\FlexSpace.UI.csproj", "{17986525-C663-4EA3-BE64-C720A0332C4D}"
EndProject
Global
	GlobalSection(SolutionConfigurationPlatforms) = preSolution
		Debug|Any CPU = Debug|Any CPU
		Release|Any CPU = Release|Any CPU
	EndGlobalSection
	GlobalSection(SolutionProperties) = preSolution
		HideSolutionNode = FALSE
	EndGlobalSection
	GlobalSection(ProjectConfigurationPlatforms) = postSolution
		{7C8076B8-45BF-4E50-ABE4-2261A317BD96}.Debug|Any CPU.ActiveCfg = Debug|Any CPU
		{7C8076B8-45BF-4E50-ABE4-2261A317BD96}.Debug|Any CPU.Build.0 = Debug|Any CPU
		{7C8076B8-45BF-4E50-ABE4-2261A317BD96}.Release|Any CPU.ActiveCfg = Release|Any CPU
		{7C8076B8-45BF-4E50-ABE4-2261A317BD96}.Release|Any CPU.Build.0 = Release|Any CPU
		{C7BA012A-8B39-495B-9607-606A386B15A6}.Debug|Any CPU.ActiveCfg = Debug|Any CPU
		{C7BA012A-8B39-495B-9607-606A386B15A6}.Debug|Any CPU.Build.0 = Debug|Any CPU
		{C7BA012A-8B39-495B-9607-606A386B15A6}.Release|Any CPU.ActiveCfg = Release|Any CPU
		{C7BA012A-8B39-495B-9607-606A386B15A6}.Release|Any CPU.Build.0 = Release|Any CPU
		{17986525-C663-4EA3-BE64-C720A0332C4D}.Debug|Any CPU.ActiveCfg = Debug|Any CPU
		{17986525-C663-4EA3-BE64-C720A0332C4D}.Debug|Any CPU.Build.0 = Debug|Any CPU
		{17986525-C663-4EA3-BE64-C720A0332C4D}.Release|Any CPU.ActiveCfg = Release|Any CPU
		{17986525-C663-4EA3-BE64-C720A0332C4D}.Release|Any CPU.Build.0 = Release|Any CPU
	EndGlobalSection
EndGlobal
